{
  "requires": true,
  "lockfileVersion": 1,
  "dependencies": {
    "crabby-grab": {
      "version": "1.0.5",
      "resolved": "https://registry.npmjs.org/crabby-grab/-/crabby-grab-1.0.5.tgz",
      "integrity": "sha512-76TFzxLbxJqJKbMFOf9ynVlbBJvzKE5v1pNCH5xsmMQNRfQXMQ7ew2g1vqTVa8aZosQvamspacpgCf5B+9FVfQ=="
    }
  }
}
